Microsoft Visual Studio Solution File, Format Version 12.00
# Visual Studio Version 17
VisualStudioVersion = 17.5.2.0
MinimumVisualStudioVersion = 10.0.40219.1
Project("{FAE04EC0-301F-11D3-BF4B-00C04F79EFBC}") = "DriversLicenseTestWebAPI", "DriversLicenseTestWebAPI.csproj", "{87E0CEBC-E98E-6AB2-D797-1B83BEAF994A}"
EndProject
Global
	GlobalSection(SolutionConfigurationPlatforms) = preSolution
		Debug|Any CPU = Debug|Any CPU
		Release|Any CPU = Release|Any CPU
	EndGlobalSection
	GlobalSection(ProjectConfigurationPlatforms) = postSolution
		{87E0CEBC-E98E-6AB2-D797-1B83BEAF994A}.Debug|Any CPU.ActiveCfg = Debug|Any CPU
		{87E0CEBC-E98E-6AB2-D797-1B83BEAF994A}.Debug|Any CPU.Build.0 = Debug|Any CPU
		{87E0CEBC-E98E-6AB2-D797-1B83BEAF994A}.Release|Any CPU.ActiveCfg = Release|Any CPU
		{87E0CEBC-E98E-6AB2-D797-1B83BEAF994A}.Release|Any CPU.Build.0 = Release|Any CPU
	EndGlobalSection
	GlobalSection(SolutionProperties) = preSolution
		HideSolutionNode = FALSE
	EndGlobalSection
	GlobalSection(ExtensibilityGlobals) = postSolution
		SolutionGuid = {21119EFE-BCC9-4DF7-8A1A-4626A45118A3}
	EndGlobalSection
EndGlobal
